// !$*UTF8*$!
{
	archiveVersion = 1;
	classes = {
	};
	objectVersion = 46;
	objects = {

/* Begin PBXBuildFile section */
		20252C641A1C6A5600BFA301 /* main.m in Sources */ = {isa = PBXBuildFile; fileRef = 20252C631A1C6A5600BFA301 /* main.m */; };
		20252C671A1C6A5600BFA301 /* AppDelegate.m in Sources */ = {isa = PBXBuildFile; fileRef = 20252C661A1C6A5600BFA301 /* AppDelegate.m */; };
		20252C6A1A1C6A5600BFA301 /* MasterViewController.m in Sources */ = {isa = PBXBuildFile; fileRef = 20252C691A1C6A5600BFA301 /* MasterViewController.m */; };
		20252C701A1C6A5600BFA301 /* Main.storyboard in Resources */ = {isa = PBXBuildFile; fileRef = 20252C6E1A1C6A5600BFA301 /* Main.storyboard */; };
		20252C721A1C6A5600BFA301 /* Images.xcassets in Resources */ = {isa = PBXBuildFile; fileRef = 20252C711A1C6A5600BFA301 /* Images.xcassets */; };
		20252C751A1C6A5600BFA301 /* LaunchScreen.xib in Resources */ = {isa = PBXBuildFile; fileRef = 20252C731A1C6A5600BFA301 /* LaunchScreen.xib */; };
		20252C8D1A1C6CD800BFA301 /* MSCustomOutletsViewController.m in Sources */ = {isa = PBXBuildFile; fileRef = 20252C8C1A1C6CD800BFA301 /* MSCustomOutletsViewController.m */; };
/* End PBXBuildFile section */

/* Begin PBXFileReference section */
		20252C5E1A1C6A5600BFA301 /* AutoLayoutExample.app */ = {isa = PBXFileReference; explicitFileType = wrapper.application; includeInIndex = 0; path = AutoLayoutExample.app; sourceTree = BUILT_PRODUCTS_DIR; };
		20252C621A1C6A5600BFA301 /* Info.plist */ = {isa = PBXFileReference; lastKnownFileType = text.plist.xml; path = Info.plist; sourceTree = "<group>"; };
		20252C631A1C6A5600BFA301 /* main.m */ = {isa = PBXFileReference; lastKnownFileType = sourcecode.c.objc; path = main.m; sourceTree = "<group>"; };
		20252C651A1C6A5600BFA301 /* AppDelegate.h */ = {isa = PBXFileReference; lastKnownFileType = sourcecode.c.h; path = AppDelegate.h; sourceTree = "<group>"; };
		20252C661A1C6A5600BFA301 /* AppDelegate.m */ = {isa = PBXFileReference; lastKnownFileType = sourcecode.c.objc; path = AppDelegate.m; sourceTree = "<group>"; };
		20252C681A1C6A5600BFA301 /* MasterViewController.h */ = {isa = PBXFileReference; lastKnownFileType = sourcecode.c.h; path = MasterViewController.h; sourceTree = "<group>"; };
		20252C691A1C6A5600BFA301 /* MasterViewController.m */ = {isa = PBXFileReference; lastKnownFileType = sourcecode.c.objc; path = MasterViewController.m; sourceTree = "<group>"; };
		20252C6F1A1C6A5600BFA301 /* Base */ = {isa = PBXFileReference; lastKnownFileType = file.storyboard; name = Base; path = Base.lproj/Main.storyboard; sourceTree = "<group>"; };
		20252C711A1C6A5600BFA301 /* Images.xcassets */ = {isa = PBXFileReference; lastKnownFileType = folder.assetcatalog; path = Images.xcassets; sourceTree = "<group>"; };
		20252C741A1C6A5600BFA301 /* Base */ = {isa = PBXFileReference; lastKnownFileType = file.xib; name = Base; path = Base.lproj/LaunchScreen.xib; sourceTree = "<group>"; };
		20252C8B1A1C6CD800BFA301 /* MSCustomOutletsViewController.h */ = {isa = PBXFileReference; fileEncoding = 4; lastKnownFileType = sourcecode.c.h; path = MSCustomOutletsViewController.h; sourceTree = "<group>"; };
		20252C8C1A1C6CD800BFA301 /* MSCustomOutletsViewController.m */ = {isa = PBXFileReference; fileEncoding = 4; lastKnownFileType = sourcecode.c.objc; path = MSCustomOutletsViewController.m; sourceTree = "<group>"; };
/* End PBXFileReference section */

/* Begin PBXFrameworksBuildPhase section */
		20252C5B1A1C6A5600BFA301 /* Frameworks */ = {
			isa = PBXFrameworksBuildPhase;
			buildActionMask = 2147483647;
			files = (
			);
			runOnlyForDeploymentPostprocessing = 0;
		};
/* End PBXFrameworksBuildPhase section */

/* Begin PBXGroup section */
		20252C551A1C6A5600BFA301 = {
			isa = PBXGroup;
			children = (
				20252C601A1C6A5600BFA301 /* AutoLayoutExample */,
				20252C5F1A1C6A5600BFA301 /* Products */,
			);
			sourceTree = "<group>";
		};
		20252C5F1A1C6A5600BFA301 /* Products */ = {
			isa = PBXGroup;
			children = (
				20252C5E1A1C6A5600BFA301 /* AutoLayoutExample.app */,
			);
			name = Products;
			sourceTree = "<group>";
		};
		20252C601A1C6A5600BFA301 /* AutoLayoutExample */ = {
			isa = PBXGroup;
			children = (
				20252C8A1A1C6A6200BFA301 /* Examples */,
				20252C651A1C6A5600BFA301 /* AppDelegate.h */,
				20252C661A1C6A5600BFA301 /* AppDelegate.m */,
				20252C681A1C6A5600BFA301 /* MasterViewController.h */,
				20252C691A1C6A5600BFA301 /* MasterViewController.m */,
				20252C6E1A1C6A5600BFA301 /* Main.storyboard */,
				20252C711A1C6A5600BFA301 /* Images.xcassets */,
				20252C731A1C6A5600BFA301 /* LaunchScreen.xib */,
				20252C611A1C6A5600BFA301 /* Supporting Files */,
			);
			path = AutoLayoutExample;
			sourceTree = "<group>";
		};
		20252C611A1C6A5600BFA301 /* Supporting Files */ = {
			isa = PBXGroup;
			children = (
				20252C621A1C6A5600BFA301 /* Info.plist */,
				20252C631A1C6A5600BFA301 /* main.m */,
			);
			name = "Supporting Files";
			sourceTree = "<group>";
		};
		20252C8A1A1C6A6200BFA301 /* Examples */ = {
			isa = PBXGroup;
			children = (
				20252C8B1A1C6CD800BFA301 /* MSCustomOutletsViewController.h */,
				20252C8C1A1C6CD800BFA301 /* MSCustomOutletsViewController.m */,
			);
			path = Examples;
			sourceTree = "<group>";
		};
/* End PBXGroup section */

/* Begin PBXNativeTarget section */
		20252C5D1A1C6A5600BFA301 /* AutoLayoutExample */ = {
			isa = PBXNativeTarget;
			buildConfigurationList = 20252C841A1C6A5600BFA301 /* Build configuration list for PBXNativeTarget "AutoLayoutExample" */;
			buildPhases = (
				20252C5A1A1C6A5600BFA301 /* Sources */,
				20252C5B1A1C6A5600BFA301 /* Frameworks */,
				20252C5C1A1C6A5600BFA301 /* Resources */,
			);
			buildRules = (
			);
			dependencies = (
			);
			name = AutoLayoutExample;
			productName = AutoLayoutExample;
			productReference = 20252C5E1A1C6A5600BFA301 /* AutoLayoutExample.app */;
			productType = "com.apple.product-type.application";
		};
/* End PBXNativeTarget section */

/* Begin PBXProject section */
		20252C561A1C6A5600BFA301 /* Project object */ = {
			isa = PBXProject;
			attributes = {
				LastUpgradeCheck = 0610;
				ORGANIZATIONNAME = "Evan Anger";
				TargetAttributes = {
					20252C5D1A1C6A5600BFA301 = {
						CreatedOnToolsVersion = 6.1;
					};
				};
			};
			buildConfigurationList = 20252C591A1C6A5600BFA301 /* Build configuration list for PBXProject "AutoLayoutExample" */;
			compatibilityVersion = "Xcode 3.2";
			developmentRegion = English;
			hasScannedForEncodings = 0;
			knownRegions = (
				en,
				Base,
			);
			mainGroup = 20252C551A1C6A5600BFA301;
			productRefGroup = 20252C5F1A1C6A5600BFA301 /* Products */;
			projectDirPath = "";
			projectRoot = "";
			targets = (
				20252C5D1A1C6A5600BFA301 /* AutoLayoutExample */,
			);
		};
/* End PBXProject section */

/* Begin PBXResourcesBuildPhase section */
		20252C5C1A1C6A5600BFA301 /* Resources */ = {
			isa = PBXResourcesBuildPhase;
			buildActionMask = 2147483647;
			files = (
				20252C701A1C6A5600BFA301 /* Main.storyboard in Resources */,
				20252C751A1C6A5600BFA301 /* LaunchScreen.xib in Resources */,
				20252C721A1C6A5600BFA301 /* Images.xcassets in Resources */,
			);
			runOnlyForDeploymentPostprocessing = 0;
		};
/* End PBXResourcesBuildPhase section */

/* Begin PBXSourcesBuildPhase section */
		20252C5A1A1C6A5600BFA301 /* Sources */ = {
			isa = PBXSourcesBuildPhase;
			buildActionMask = 2147483647;
			files = (
				20252C8D1A1C6CD800BFA301 /* MSCustomOutletsViewController.m in Sources */,
				20252C671A1C6A5600BFA301 /* AppDelegate.m in Sources */,
				20252C6A1A1C6A5600BFA301 /* MasterViewController.m in Sources */,
				20252C641A1C6A5600BFA301 /* main.m in Sources */,
			);
			runOnlyForDeploymentPostprocessing = 0;
		};
/* End PBXSourcesBuildPhase section */

/* Begin PBXVariantGroup section */
		20252C6E1A1C6A5600BFA301 /* Main.storyboard */ = {
			isa = PBXVariantGroup;
			children = (
				20252C6F1A1C6A5600BFA301 /* Base */,
			);
			name = Main.storyboard;
			sourceTree = "<group>";
		};
		20252C731A1C6A5600BFA301 /* LaunchScreen.xib */ = {
			isa = PBXVariantGroup;
			children = (
				20252C741A1C6A5600BFA301 /* Base */,
			);
			name = LaunchScreen.xib;
			sourceTree = "<group>";
		};
/* End PBXVariantGroup section */

/* Begin XCBuildConfiguration section */
		20252C821A1C6A5600BFA301 /* Debug */ = {
			isa = XCBuildConfiguration;
			buildSettings = {
				ALWAYS_SEARCH_USER_PATHS = NO;
				CLANG_CXX_LANGUAGE_STANDARD = "gnu++0x";
				CLANG_CXX_LIBRARY = "libc++";
				CLANG_ENABLE_MODULES = YES;
				CLANG_ENABLE_OBJC_ARC = YES;
				CLANG_WARN_BOOL_CONVERSION = YES;
				CLANG_WARN_CONSTANT_CONVERSION = YES;
				CLANG_WARN_DIRECT_OBJC_ISA_USAGE = YES_ERROR;
				CLANG_WARN_EMPTY_BODY = YES;
				CLANG_WARN_ENUM_CONVERSION = YES;
				CLANG_WARN_INT_CONVERSION = YES;
				CLANG_WARN_OBJC_ROOT_CLASS = YES_ERROR;
				CLANG_WARN_UNREACHABLE_CODE = YES;
				CLANG_WARN__DUPLICATE_METHOD_MATCH = YES;
				"CODE_SIGN_IDENTITY[sdk=iphoneos*]" = "iPhone Developer";
				COPY_PHASE_STRIP = NO;
				ENABLE_STRICT_OBJC_MSGSEND = YES;
				GCC_C_LANGUAGE_STANDARD = gnu99;
				GCC_DYNAMIC_NO_PIC = NO;
				GCC_OPTIMIZATION_LEVEL = 0;
				GCC_PREPROCESSOR_DEFINITIONS = (
					"DEBUG=1",
					"$(inherited)",
				);
				GCC_SYMBOLS_PRIVATE_EXTERN = NO;
				GCC_WARN_64_TO_32_BIT_CONVERSION = YES;
				GCC_WARN_ABOUT_RETURN_TYPE = YES_ERROR;
				GCC_WARN_UNDECLARED_SELECTOR = YES;
				GCC_WARN_UNINITIALIZED_AUTOS = YES_AGGRESSIVE;
				GCC_WARN_UNUSED_FUNCTION = YES;
				GCC_WARN_UNUSED_VARIABLE = YES;
				IPHONEOS_DEPLOYMENT_TARGET = 8.1;
				MTL_ENABLE_DEBUG_INFO = YES;
				ONLY_ACTIVE_ARCH = YES;
				SDKROOT = iphoneos;
				TARGETED_DEVICE_FAMILY = "1,2";
			};
			name = Debug;
		};
		20252C831A1C6A5600BFA301 /* Release */ = {
			isa = XCBuildConfiguration;
			buildSettings = {
				ALWAYS_SEARCH_USER_PATHS = NO;
				CLANG_CXX_LANGUAGE_STANDARD = "gnu++0x";
				CLANG_CXX_LIBRARY = "libc++";
				CLANG_ENABLE_MODULES = YES;
				CLANG_ENABLE_OBJC_ARC = YES;
				CLANG_WARN_BOOL_CONVERSION = YES;
				CLANG_WARN_CONSTANT_CONVERSION = YES;
				CLANG_WARN_DIRECT_OBJC_ISA_USAGE = YES_ERROR;
				CLANG_WARN_EMPTY_BODY = YES;
				CLANG_WARN_ENUM_CONVERSION = YES;
				CLANG_WARN_INT_CONVERSION = YES;
				CLANG_WARN_OBJC_ROOT_CLASS = YES_ERROR;
				CLANG_WARN_UNREACHABLE_CODE = YES;
				CLANG_WARN__DUPLICATE_METHOD_MATCH = YES;
				"CODE_SIGN_IDENTITY[sdk=iphoneos*]" = "iPhone Developer";
				COPY_PHASE_STRIP = YES;
				ENABLE_NS_ASSERTIONS = NO;
				ENABLE_STRICT_OBJC_MSGSEND = YES;
				GCC_C_LANGUAGE_STANDARD = gnu99;
				GCC_WARN_64_TO_32_BIT_CONVERSION = YES;
				GCC_WARN_ABOUT_RETURN_TYPE = YES_ERROR;
				GCC_WARN_UNDECLARED_SELECTOR = YES;
				GCC_WARN_UNINITIALIZED_AUTOS = YES_AGGRESSIVE;
				GCC_WARN_UNUSED_FUNCTION = YES;
				GCC_WARN_UNUSED_VARIABLE = YES;
				IPHONEOS_DEPLOYMENT_TARGET = 8.1;
				MTL_ENABLE_DEBUG_INFO = NO;
				SDKROOT = iphoneos;
				TARGETED_DEVICE_FAMILY = "1,2";
				VALIDATE_PRODUCT = YES;
			};
			name = Release;
		};
		20252C851A1C6A5600BFA301 /* Debug */ = {
			isa = XCBuildConfiguration;
			buildSettings = {
				ASSETCATALOG_COMPILER_APPICON_NAME = AppIcon;
				INFOPLIST_FILE = AutoLayoutExample/Info.plist;
				LD_RUNPATH_SEARCH_PATHS = "$(inherited) @executable_path/Frameworks";
				PRODUCT_NAME = "$(TARGET_NAME)";
			};
			name = Debug;
		};
		20252C861A1C6A5600BFA301 /* Release */ = {
			isa = XCBuildConfiguration;
			buildSettings = {
				ASSETCATALOG_COMPILER_APPICON_NAME = AppIcon;
				INFOPLIST_FILE = AutoLayoutExample/Info.plist;
				LD_RUNPATH_SEARCH_PATHS = "$(inherited) @executable_path/Frameworks";
				PRODUCT_NAME = "$(TARGET_NAME)";
			};
			name = Release;
		};
/* End XCBuildConfiguration section */

/* Begin XCConfigurationList section */
		20252C591A1C6A5600BFA301 /* Build configuration list for PBXProject "AutoLayoutExample" */ = {
			isa = XCConfigurationList;
			buildConfigurations = (
				20252C821A1C6A5600BFA301 /* Debug */,
				20252C831A1C6A5600BFA301 /* Release */,
			);
			defaultConfigurationIsVisible = 0;
			defaultConfigurationName = Release;
		};
		20252C841A1C6A5600BFA301 /* Build configuration list for PBXNativeTarget "AutoLayoutExample" */ = {
			isa = XCConfigurationList;
			buildConfigurations = (
				20252C851A1C6A5600BFA301 /* Debug */,
				20252C861A1C6A5600BFA301 /* Release */,
			);
			defaultConfigurationIsVisible = 0;
		};
/* End XCConfigurationList section */
	};
	rootObject = 20252C561A1C6A5600BFA301 /* Project object */;
}
